lockfileVersion: '9.0'

settings:
  autoInstallPeers: true
  excludeLinksFromLockfile: false

importers:

  .:
    dependencies:
      yaml:
        specifier: ^2.9.0
        version: 2.9.0
    devDependencies:
      bpmn-moddle:
        specifier: ^10.0.0
        version: 10.0.0

  packages/awp-cli:
    dependencies:
      yaml:
        specifier: ^2.6.0
        version: 2.9.0

packages:

  bpmn-moddle@10.0.0:
    resolution: {integrity: sha512-vXePD5jkatcILmM3zwJG/m6IIHIghTGB7WvgcdEraEw8E8VdJHrTgrvBUhbzqaXJpnsGQz15QS936xeBY6l9aA==}
    engines: {node: '>= 20.12'}

  min-dash@5.0.0:
    resolution: {integrity: sha512-EGuoBnVL7/Fnv2sqakpX5WGmZehZ3YMmLayT7sM8E9DRU74kkeyMg4Rik1lsOkR2GbFNeBca4/L+UfU6gF0Edw==}

  moddle-xml@12.0.0:
    resolution: {integrity: sha512-NJc2+sCe4tvuGlaUBcoZcYf6j9f+z+qxHOyGm/LB3ZrlJXVPPHoBTg/KXgDRCufdBJhJ3AheFs3QU/abABNzRg==}
    engines: {node: '>= 18'}
    peerDependencies:
      moddle: '>= 6.2.0'

  moddle@8.1.0:
    resolution: {integrity: sha512-dBddc1CNuZHgro8nQWwfPZ2BkyLWdnxoNpPu9d+XKPN96DAiiBOeBw527ft++ebDuFez5PMdaR3pgUgoOaUGrA==}

  saxen@11.0.2:
    resolution: {integrity: sha512-WDb4gqac8uiJzOdOdVpr9NWh9NrJMm7Brn5GX2Poj+mjE/QTXqYQENr8T/mom54dDDgbd3QjwTg23TRHYiWXRA==}
    engines: {node: '>= 20.12'}

  yaml@2.9.0:
    resolution: {integrity: sha512-2AvhNX3mb8zd6Zy7INTtSpl1F15HW6Wnqj0srWlkKLcpYl/gMIMJiyuGq2KeI2YFxUPjdlB+3Lc10seMLtL4cA==}
    engines: {node: '>= 14.6'}
    hasBin: true

snapshots:

  bpmn-moddle@10.0.0:
    dependencies:
      min-dash: 5.0.0
      moddle: 8.1.0
      moddle-xml: 12.0.0(moddle@8.1.0)

  min-dash@5.0.0: {}

  moddle-xml@12.0.0(moddle@8.1.0):
    dependencies:
      min-dash: 5.0.0
      moddle: 8.1.0
      saxen: 11.0.2

  moddle@8.1.0:
    dependencies:
      min-dash: 5.0.0

  saxen@11.0.2: {}

  yaml@2.9.0: {}
